{
  "name": "fatobject",
  "lockfileVersion": 2,
  "requires": true,
  "packages": {
    "": {
      "dependencies": {
        "@lottiefiles/lottie-player": "^1.6.0",
        "typed.js": "^2.0.12"
      }
    },
    "node_modules/@lit/reactive-element": {
      "version": "1.4.1",
      "resolved": "https://registry.npmjs.org/@lit/reactive-element/-/reactive-element-1.4.1.tgz",
      "integrity": "sha512-qDv4851VFSaBWzpS02cXHclo40jsbAjRXnebNXpm0uVg32kCneZPo9RYVQtrTNICtZ+1wAYHu1ZtxWSWMbKrBw=="
    },
    "node_modules/@lottiefiles/lottie-player": {
      "version": "1.6.0",
      "resolved": "https://registry.npmjs.org/@lottiefiles/lottie-player/-/lottie-player-1.6.0.tgz",
      "integrity": "sha512-003iDtGHrPfB1zkxpK9ZrCtVH2zMe59mriM69UlZ7DpxiqupGEMSo/3qmZ5t7QCMuCfG0NKXFBq2tZPeWRQfrA==",
      "dependencies": {
        "@types/pako": "^1.0.1",
        "lit": "^2.1.2",
        "lottie-web": "^5.9.6",
        "pako": "^2.0.4",
        "resize-observer-polyfill": "^1.5.1"
      }
    },
    "node_modules/@types/pako": {
      "version": "1.0.4",
      "resolved": "https://registry.npmjs.org/@types/pako/-/pako-1.0.4.tgz",
      "integrity": "sha512-Z+5bJSm28EXBSUJEgx29ioWeEEHUh6TiMkZHDhLwjc9wVFH+ressbkmX6waUZc5R3Gobn4Qu5llGxaoflZ+yhA=="
    },
    "node_modules/@types/trusted-types": {
      "version": "2.0.2",
      "resolved": "https://registry.npmjs.org/@types/trusted-types/-/trusted-types-2.0.2.tgz",
      "integrity": "sha512-F5DIZ36YVLE+PN+Zwws4kJogq47hNgX3Nx6WyDJ3kcplxyke3XIzB8uK5n/Lpm1HBsbGzd6nmGehL8cPekP+Tg=="
    },
    "node_modules/lit": {
      "version": "2.4.0",
      "resolved": "https://registry.npmjs.org/lit/-/lit-2.4.0.tgz",
      "integrity": "sha512-fdgzxEtLrZFQU/BqTtxFQCLwlZd9bdat+ltzSFjvWkZrs7eBmeX0L5MHUMb3kYIkuS8Xlfnii/iI5klirF8/Xg==",
      "dependencies": {
        "@lit/reactive-element": "^1.4.0",
        "lit-element": "^3.2.0",
        "lit-html": "^2.4.0"
      }
    },
    "node_modules/lit-element": {
      "version": "3.2.2",
      "resolved": "https://registry.npmjs.org/lit-element/-/lit-element-3.2.2.tgz",
      "integrity": "sha512-6ZgxBR9KNroqKb6+htkyBwD90XGRiqKDHVrW/Eh0EZ+l+iC+u+v+w3/BA5NGi4nizAVHGYvQBHUDuSmLjPp7NQ==",
      "dependencies": {
        "@lit/reactive-element": "^1.3.0",
        "lit-html": "^2.2.0"
      }
    },
    "node_modules/lit-html": {
      "version": "2.4.0",
      "resolved": "https://registry.npmjs.org/lit-html/-/lit-html-2.4.0.tgz",
      "integrity": "sha512-G6qXu4JNUpY6aaF2VMfaszhO9hlWw0hOTRFDmuMheg/nDYGB+2RztUSOyrzALAbr8Nh0Y7qjhYkReh3rPnplVg==",
      "dependencies": {
        "@types/trusted-types": "^2.0.2"
      }
    },
    "node_modules/lottie-web": {
      "version": "5.9.6",
      "resolved": "https://registry.npmjs.org/lottie-web/-/lottie-web-5.9.6.tgz",
      "integrity": "sha512-JFs7KsHwflugH5qIXBpB4905yC1Sub2MZWtl/elvO/QC6qj1ApqbUZJyjzJseJUtVpgiDaXQLjBlIJGS7UUUXA=="
    },
    "node_modules/pako": {
      "version": "2.0.4",
      "resolved": "https://registry.npmjs.org/pako/-/pako-2.0.4.tgz",
      "integrity": "sha512-v8tweI900AUkZN6heMU/4Uy4cXRc2AYNRggVmTR+dEncawDJgCdLMximOVA2p4qO57WMynangsfGRb5WD6L1Bg=="
    },
    "node_modules/resize-observer-polyfill": {
      "version": "1.5.1",
      "resolved": "https://registry.npmjs.org/resize-observer-polyfill/-/resize-observer-polyfill-1.5.1.tgz",
      "integrity": "sha512-LwZrotdHOo12nQuZlHEmtuXdqGoOD0OhaxopaNFxWzInpEgaLWoVuAMbTzixuosCx2nEG58ngzW3vxdWoxIgdg=="
    },
    "node_modules/typed.js": {
      "version": "2.0.12",
      "resolved": "https://registry.npmjs.org/typed.js/-/typed.js-2.0.12.tgz",
      "integrity": "sha512-lyACZh1cu+vpfYY3DG/bvsGLXXbdoDDpWxmqta10IQUdMXisMXOEyl+jos+YT9uBbzK4QaKYBjT3R0kTJO0Slw=="
    }
  },
  "dependencies": {
    "@lit/reactive-element": {
      "version": "1.4.1",
      "resolved": "https://registry.npmjs.org/@lit/reactive-element/-/reactive-element-1.4.1.tgz",
      "integrity": "sha512-qDv4851VFSaBWzpS02cXHclo40jsbAjRXnebNXpm0uVg32kCneZPo9RYVQtrTNICtZ+1wAYHu1ZtxWSWMbKrBw=="
    },
    "@lottiefiles/lottie-player": {
      "version": "1.6.0",
      "resolved": "https://registry.npmjs.org/@lottiefiles/lottie-player/-/lottie-player-1.6.0.tgz",
      "integrity": "sha512-003iDtGHrPfB1zkxpK9ZrCtVH2zMe59mriM69UlZ7DpxiqupGEMSo/3qmZ5t7QCMuCfG0NKXFBq2tZPeWRQfrA==",
      "requires": {
        "@types/pako": "^1.0.1",
        "lit": "^2.1.2",
        "lottie-web": "^5.9.6",
        "pako": "^2.0.4",
        "resize-observer-polyfill": "^1.5.1"
      }
    },
    "@types/pako": {
      "version": "1.0.4",
      "resolved": "https://registry.npmjs.org/@types/pako/-/pako-1.0.4.tgz",
      "integrity": "sha512-Z+5bJSm28EXBSUJEgx29ioWeEEHUh6TiMkZHDhLwjc9wVFH+ressbkmX6waUZc5R3Gobn4Qu5llGxaoflZ+yhA=="
    },
    "@types/trusted-types": {
      "version": "2.0.2",
      "resolved": "https://registry.npmjs.org/@types/trusted-types/-/trusted-types-2.0.2.tgz",
      "integrity": "sha512-F5DIZ36YVLE+PN+Zwws4kJogq47hNgX3Nx6WyDJ3kcplxyke3XIzB8uK5n/Lpm1HBsbGzd6nmGehL8cPekP+Tg=="
    },
    "lit": {
      "version": "2.4.0",
      "resolved": "https://registry.npmjs.org/lit/-/lit-2.4.0.tgz",
      "integrity": "sha512-fdgzxEtLrZFQU/BqTtxFQCLwlZd9bdat+ltzSFjvWkZrs7eBmeX0L5MHUMb3kYIkuS8Xlfnii/iI5klirF8/Xg==",
      "requires": {
        "@lit/reactive-element": "^1.4.0",
        "lit-element": "^3.2.0",
        "lit-html": "^2.4.0"
      }
    },
    "lit-element": {
      "version": "3.2.2",
      "resolved": "https://registry.npmjs.org/lit-element/-/lit-element-3.2.2.tgz",
      "integrity": "sha512-6ZgxBR9KNroqKb6+htkyBwD90XGRiqKDHVrW/Eh0EZ+l+iC+u+v+w3/BA5NGi4nizAVHGYvQBHUDuSmLjPp7NQ==",
      "requires": {
        "@lit/reactive-element": "^1.3.0",
        "lit-html": "^2.2.0"
      }
    },
    "lit-html": {
      "version": "2.4.0",
      "resolved": "https://registry.npmjs.org/lit-html/-/lit-html-2.4.0.tgz",
      "integrity": "sha512-G6qXu4JNUpY6aaF2VMfaszhO9hlWw0hOTRFDmuMheg/nDYGB+2RztUSOyrzALAbr8Nh0Y7qjhYkReh3rPnplVg==",
      "requires": {
        "@types/trusted-types": "^2.0.2"
      }
    },
    "lottie-web": {
      "version": "5.9.6",
      "resolved": "https://registry.npmjs.org/lottie-web/-/lottie-web-5.9.6.tgz",
      "integrity": "sha512-JFs7KsHwflugH5qIXBpB4905yC1Sub2MZWtl/elvO/QC6qj1ApqbUZJyjzJseJUtVpgiDaXQLjBlIJGS7UUUXA=="
    },
    "pako": {
      "version": "2.0.4",
      "resolved": "https://registry.npmjs.org/pako/-/pako-2.0.4.tgz",
      "integrity": "sha512-v8tweI900AUkZN6heMU/4Uy4cXRc2AYNRggVmTR+dEncawDJgCdLMximOVA2p4qO57WMynangsfGRb5WD6L1Bg=="
    },
    "resize-observer-polyfill": {
      "version": "1.5.1",
      "resolved": "https://registry.npmjs.org/resize-observer-polyfill/-/resize-observer-polyfill-1.5.1.tgz",
      "integrity": "sha512-LwZrotdHOo12nQuZlHEmtuXdqGoOD0OhaxopaNFxWzInpEgaLWoVuAMbTzixuosCx2nEG58ngzW3vxdWoxIgdg=="
    },
    "typed.js": {
      "version": "2.0.12",
      "resolved": "https://registry.npmjs.org/typed.js/-/typed.js-2.0.12.tgz",
      "integrity": "sha512-lyACZh1cu+vpfYY3DG/bvsGLXXbdoDDpWxmqta10IQUdMXisMXOEyl+jos+YT9uBbzK4QaKYBjT3R0kTJO0Slw=="
    }
  }
}
